
Microsoft Visual Studio Solution File, Format Version 12.00
# Visual Studio Version 17
VisualStudioVersion = 17.11.35327.3
MinimumVisualStudioVersion = 10.0.40219.1
Project("{FAE04EC0-301F-11D3-BF4B-00C04F79EFBC}") = "Final.FE", "Final.FE\Final.FE.csproj", "{235DECDC-FDCC-433E-A15D-C524FEBF1AEA}"
EndProject
Project("{FAE04EC0-301F-11D3-BF4B-00C04F79EFBC}") = "Final.BA", "Final.BA\Final.BA.csproj", "{B5529553-473A-4710-99BB-D649B2329966}"
EndProject
Global
	GlobalSection(SolutionConfigurationPlatforms) = preSolution
		Debug|Any CPU = Debug|Any CPU
		Release|Any CPU = Release|Any CPU
	EndGlobalSection
	GlobalSection(ProjectConfigurationPlatforms) = postSolution
		{235DECDC-FDCC-433E-A15D-C524FEBF1AEA}.Debug|Any CPU.ActiveCfg = Debug|Any CPU
		{235DECDC-FDCC-433E-A15D-C524FEBF1AEA}.Debug|Any CPU.Build.0 = Debug|Any CPU
		{235DECDC-FDCC-433E-A15D-C524FEBF1AEA}.Release|Any CPU.ActiveCfg = Release|Any CPU
		{235DECDC-FDCC-433E-A15D-C524FEBF1AEA}.Release|Any CPU.Build.0 = Release|Any CPU
		{B5529553-473A-4710-99BB-D649B2329966}.Debug|Any CPU.ActiveCfg = Debug|Any CPU
		{B5529553-473A-4710-99BB-D649B2329966}.Debug|Any CPU.Build.0 = Debug|Any CPU
		{B5529553-473A-4710-99BB-D649B2329966}.Release|Any CPU.ActiveCfg = Release|Any CPU
		{B5529553-473A-4710-99BB-D649B2329966}.Release|Any CPU.Build.0 = Release|Any CPU
	EndGlobalSection
	GlobalSection(SolutionProperties) = preSolution
		HideSolutionNode = FALSE
	EndGlobalSection
	GlobalSection(ExtensibilityGlobals) = postSolution
		SolutionGuid = {7BBEA051-C389-4DFD-8F7B-32EA0FDD1B99}
	EndGlobalSection
EndGlobal
